
Microsoft Visual Studio Solution File, Format Version 12.00
# Visual Studio Version 16
VisualStudioVersion = 16.0.31515.178
MinimumVisualStudioVersion = 10.0.40219.1
Project("{8BC9CEB8-8B4A-11D0-8D11-00A0C91BC942}") = "HurmaGame", "HurmaGame\HurmaGame.vcxproj", "{57717408-36C8-46AB-B2D5-B99D23218BF2}"
EndProject
Project("{8BC9CEB8-8B4A-11D0-8D11-00A0C91BC942}") = "HurmaEngine", "HurmaEngine\HurmaEngine.vcxproj", "{446EC850-01B2-4BD8-8AE5-1E05342A504C}"
EndProject
Global
	GlobalSection(SolutionConfigurationPlatforms) = preSolution
		Debug|x64 = Debug|x64
		Release|x64 = Release|x64
	EndGlobalSection
	GlobalSection(ProjectConfigurationPlatforms) = postSolution
		{446EC850-01B2-4BD8-8AE5-1E05342A504C}.Debug|x64.ActiveCfg = Debug|x64
		{446EC850-01B2-4BD8-8AE5-1E05342A504C}.Debug|x64.Build.0 = Debug|x64
		{446EC850-01B2-4BD8-8AE5-1E05342A504C}.Release|x64.ActiveCfg = Release|x64
		{446EC850-01B2-4BD8-8AE5-1E05342A504C}.Release|x64.Build.0 = Release|x64
		{57717408-36C8-46AB-B2D5-B99D23218BF2}.Debug|x64.ActiveCfg = Debug|x64
		{57717408-36C8-46AB-B2D5-B99D23218BF2}.Debug|x64.Build.0 = Debug|x64
		{57717408-36C8-46AB-B2D5-B99D23218BF2}.Release|x64.ActiveCfg = Release|x64
		{57717408-36C8-46AB-B2D5-B99D23218BF2}.Release|x64.Build.0 = Release|x64
	EndGlobalSection
	GlobalSection(SolutionProperties) = preSolution
		HideSolutionNode = FALSE
	EndGlobalSection
	GlobalSection(ExtensibilityGlobals) = postSolution
		SolutionGuid = {3C8DC578-B8DB-4557-82D9-3CC556E991FC}
	EndGlobalSection
EndGlobal
